// !$*UTF8*$!
{
	archiveVersion = 1;
	classes = {
	};
	objectVersion = 48;
	objects = {

/* Begin PBXBuildFile section */
		1D9DEA244FA103E5801B728D /* Pods_walmartScan.framework in Frameworks */ = {isa = PBXBuildFile; fileRef = B5B3B924C7DAFF58AAF91664 /* Pods_walmartScan.framework */; };
		8423445F1FF3F0520003658E /* DemoContenido.swift in Sources */ = {isa = PBXBuildFile; fileRef = 8423445E1FF3F0520003658E /* DemoContenido.swift */; };
		842344611FF415110003658E /* Constants.swift in Sources */ = {isa = PBXBuildFile; fileRef = 842344601FF415110003658E /* Constants.swift */; };
		842344631FF4174A0003658E /* Localizable.strings in Resources */ = {isa = PBXBuildFile; fileRef = 842344621FF4174A0003658E /* Localizable.strings */; };
		842FF8A91FE41AB0003973ED /* DemoViewController.swift in Sources */ = {isa = PBXBuildFile; fileRef = 842FF8A81FE41AB0003973ED /* DemoViewController.swift */; };
		842FF8AB1FE41E67003973ED /* LoginViewController.swift in Sources */ = {isa = PBXBuildFile; fileRef = 842FF8AA1FE41E67003973ED /* LoginViewController.swift */; };
		844836051FF54A0500AB9677 /* SWRevealViewController.m in Sources */ = {isa = PBXBuildFile; fileRef = 844836031FF54A0400AB9677 /* SWRevealViewController.m */; };
		844836071FF54EC300AB9677 /* MenuViewController.swift in Sources */ = {isa = PBXBuildFile; fileRef = 844836061FF54EC300AB9677 /* MenuViewController.swift */; };
		844836091FF54F4D00AB9677 /* MenuCell.swift in Sources */ = {isa = PBXBuildFile; fileRef = 844836081FF54F4D00AB9677 /* MenuCell.swift */; };
		844836111FF5559000AB9677 /* MessageViewController.swift in Sources */ = {isa = PBXBuildFile; fileRef = 844836101FF5559000AB9677 /* MessageViewController.swift */; };
		844836131FF5632900AB9677 /* HomeController.swift in Sources */ = {isa = PBXBuildFile; fileRef = 844836121FF5632800AB9677 /* HomeController.swift */; };
		844836151FF5651500AB9677 /* PreguntasViewController.swift in Sources */ = {isa = PBXBuildFile; fileRef = 844836141FF5651500AB9677 /* PreguntasViewController.swift */; };
		844AE1321FE401B700C6583B /* AppDelegate.swift in Sources */ = {isa = PBXBuildFile; fileRef = 844AE1311FE401B700C6583B /* AppDelegate.swift */; };
		844AE1341FE401B700C6583B /* ViewController.swift in Sources */ = {isa = PBXBuildFile; fileRef = 844AE1331FE401B700C6583B /* ViewController.swift */; };
		844AE1371FE401B700C6583B /* Main.storyboard in Resources */ = {isa = PBXBuildFile; fileRef = 844AE1351FE401B700C6583B /* Main.storyboard */; };
		844AE1391FE401B700C6583B /* Assets.xcassets in Resources */ = {isa = PBXBuildFile; fileRef = 844AE1381FE401B700C6583B /* Assets.xcassets */; };
		844AE13C1FE401B700C6583B /* LaunchScreen.storyboard in Resources */ = {isa = PBXBuildFile; fileRef = 844AE13A1FE401B700C6583B /* LaunchScreen.storyboard */; };
		844AE1471FE401B700C6583B /* walmartScanTests.swift in Sources */ = {isa = PBXBuildFile; fileRef = 844AE1461FE401B700C6583B /* walmartScanTests.swift */; };
		844AE1521FE401B700C6583B /* walmartScanUITests.swift in Sources */ = {isa = PBXBuildFile; fileRef = 844AE1511FE401B700C6583B /* walmartScanUITests.swift */; };
		8478FA831FE4563900C7F012 /* HomeViewController.swift in Sources */ = {isa = PBXBuildFile; fileRef = 8478FA821FE4563900C7F012 /* HomeViewController.swift */; };
		8478FA851FE4566000C7F012 /* TerminosCondicionesView.swift in Sources */ = {isa = PBXBuildFile; fileRef = 8478FA841FE4566000C7F012 /* TerminosCondicionesView.swift */; };
		8478FA871FE456A600C7F012 /* LoginRutViewController.swift in Sources */ = {isa = PBXBuildFile; fileRef = 8478FA861FE456A600C7F012 /* LoginRutViewController.swift */; };
		84F236EB1FFEA521008F5026 /* ROBarcodeScannerViewController.swift in Sources */ = {isa = PBXBuildFile; fileRef = 84F236EA1FFEA521008F5026 /* ROBarcodeScannerViewController.swift */; };
		84F236EE1FFEACB3008F5026 /* ScannViewController.swift in Sources */ = {isa = PBXBuildFile; fileRef = 84F236ED1FFEACB3008F5026 /* ScannViewController.swift */; };
/* End PBXBuildFile section */

/* Begin PBXContainerItemProxy section */
		844AE1431FE401B700C6583B /* PBXContainerItemProxy */ = {
			isa = PBXContainerItemProxy;
			containerPortal = 844AE1261FE401B700C6583B /* Project object */;
			proxyType = 1;
			remoteGlobalIDString = 844AE12D1FE401B700C6583B;
			remoteInfo = walmartScan;
		};
		844AE14E1FE401B700C6583B /* PBXContainerItemProxy */ = {
			isa = PBXContainerItemProxy;
			containerPortal = 844AE1261FE401B700C6583B /* Project object */;
			proxyType = 1;
			remoteGlobalIDString = 844AE12D1FE401B700C6583B;
			remoteInfo = walmartScan;
		};
/* End PBXContainerItemProxy section */

/* Begin PBXFileReference section */
		8423445E1FF3F0520003658E /* DemoContenido.swift */ = {isa = PBXFileReference; lastKnownFileType = sourcecode.swift; path = DemoContenido.swift; sourceTree = "<group>"; };
		842344601FF415110003658E /* Constants.swift */ = {isa = PBXFileReference; lastKnownFileType = sourcecode.swift; path = Constants.swift; sourceTree = "<group>"; };
		842344621FF4174A0003658E /* Localizable.strings */ = {isa = PBXFileReference; lastKnownFileType = text.plist.strings; path = Localizable.strings; sourceTree = "<group>"; };
		842FF8A71FE40B86003973ED /* Demo1.jpg */ = {isa = PBXFileReference; lastKnownFileType = image.jpeg; name = Demo1.jpg; path = ../../../../../../../../../Desktop/Demo1.jpg; sourceTree = "<group>"; };
		842FF8A81FE41AB0003973ED /* DemoViewController.swift */ = {isa = PBXFileReference; lastKnownFileType = sourcecode.swift; path = DemoViewController.swift; sourceTree = "<group>"; };
		842FF8AA1FE41E67003973ED /* LoginViewController.swift */ = {isa = PBXFileReference; lastKnownFileType = sourcecode.swift; path = LoginViewController.swift; sourceTree = "<group>"; };
		844836021FF54A0300AB9677 /* walmartScan-Bridging-Header.h */ = {isa = PBXFileReference; lastKnownFileType = sourcecode.c.h; path = "walmartScan-Bridging-Header.h"; sourceTree = "<group>"; };
		844836031FF54A0400AB9677 /* SWRevealViewController.m */ = {isa = PBXFileReference; fileEncoding = 4; lastKnownFileType = sourcecode.c.objc; path = SWRevealViewController.m; sourceTree = "<group>"; };
		844836041FF54A0500AB9677 /* SWRevealViewController.h */ = {isa = PBXFileReference; fileEncoding = 4; lastKnownFileType = sourcecode.c.h; path = SWRevealViewController.h; sourceTree = "<group>"; };
		844836061FF54EC300AB9677 /* MenuViewController.swift */ = {isa = PBXFileReference; fileEncoding = 4; lastKnownFileType = sourcecode.swift; path = MenuViewController.swift; sourceTree = "<group>"; };
		844836081FF54F4D00AB9677 /* MenuCell.swift */ = {isa = PBXFileReference; lastKnownFileType = sourcecode.swift; path = MenuCell.swift; sourceTree = "<group>"; };
		844836101FF5559000AB9677 /* MessageViewController.swift */ = {isa = PBXFileReference; lastKnownFileType = sourcecode.swift; path = MessageViewController.swift; sourceTree = "<group>"; };
		844836121FF5632800AB9677 /* HomeController.swift */ = {isa = PBXFileReference; lastKnownFileType = sourcecode.swift; path = HomeController.swift; sourceTree = "<group>"; };
		844836141FF5651500AB9677 /* PreguntasViewController.swift */ = {isa = PBXFileReference; lastKnownFileType = sourcecode.swift; path = PreguntasViewController.swift; sourceTree = "<group>"; };
		844AE12E1FE401B700C6583B /* walmartScan.app */ = {isa = PBXFileReference; explicitFileType = wrapper.application; includeInIndex = 0; path = walmartScan.app; sourceTree = BUILT_PRODUCTS_DIR; };
		844AE1311FE401B700C6583B /* AppDelegate.swift */ = {isa = PBXFileReference; lastKnownFileType = sourcecode.swift; path = AppDelegate.swift; sourceTree = "<group>"; };
		844AE1331FE401B700C6583B /* ViewController.swift */ = {isa = PBXFileReference; lastKnownFileType = sourcecode.swift; path = ViewController.swift; sourceTree = "<group>"; };
		844AE1361FE401B700C6583B /* Base */ = {isa = PBXFileReference; lastKnownFileType = file.storyboard; name = Base; path = Base.lproj/Main.storyboard; sourceTree = "<group>"; };
		844AE1381FE401B700C6583B /* Assets.xcassets */ = {isa = PBXFileReference; lastKnownFileType = folder.assetcatalog; path = Assets.xcassets; sourceTree = "<group>"; };
		844AE13B1FE401B700C6583B /* Base */ = {isa = PBXFileReference; lastKnownFileType = file.storyboard; name = Base; path = Base.lproj/LaunchScreen.storyboard; sourceTree = "<group>"; };
		844AE13D1FE401B700C6583B /* Info.plist */ = {isa = PBXFileReference; lastKnownFileType = text.plist.xml; path = Info.plist; sourceTree = "<group>"; };
		844AE1421FE401B700C6583B /* walmartScanTests.xctest */ = {isa = PBXFileReference; explicitFileType = wrapper.cfbundle; includeInIndex = 0; path = walmartScanTests.xctest; sourceTree = BUILT_PRODUCTS_DIR; };
		844AE1461FE401B700C6583B /* walmartScanTests.swift */ = {isa = PBXFileReference; lastKnownFileType = sourcecode.swift; path = walmartScanTests.swift; sourceTree = "<group>"; };
		844AE1481FE401B700C6583B /* Info.plist */ = {isa = PBXFileReference; lastKnownFileType = text.plist.xml; path = Info.plist; sourceTree = "<group>"; };
		844AE14D1FE401B700C6583B /* walmartScanUITests.xctest */ = {isa = PBXFileReference; explicitFileType = wrapper.cfbundle; includeInIndex = 0; path = walmartScanUITests.xctest; sourceTree = BUILT_PRODUCTS_DIR; };
		844AE1511FE401B700C6583B /* walmartScanUITests.swift */ = {isa = PBXFileReference; lastKnownFileType = sourcecode.swift; path = walmartScanUITests.swift; sourceTree = "<group>"; };
		844AE1531FE401B700C6583B /* Info.plist */ = {isa = PBXFileReference; lastKnownFileType = text.plist.xml; path = Info.plist; sourceTree = "<group>"; };
		844AE1621FE404ED00C6583B /* SplashWalmart.png */ = {isa = PBXFileReference; lastKnownFileType = image.png; name = SplashWalmart.png; path = ../../../../../../../../Desktop/SplashWalmart.png; sourceTree = "<group>"; };
		8478FA821FE4563900C7F012 /* HomeViewController.swift */ = {isa = PBXFileReference; lastKnownFileType = sourcecode.swift; path = HomeViewController.swift; sourceTree = "<group>"; };
		8478FA841FE4566000C7F012 /* TerminosCondicionesView.swift */ = {isa = PBXFileReference; lastKnownFileType = sourcecode.swift; path = TerminosCondicionesView.swift; sourceTree = "<group>"; };
		8478FA861FE456A600C7F012 /* LoginRutViewController.swift */ = {isa = PBXFileReference; lastKnownFileType = sourcecode.swift; path = LoginRutViewController.swift; sourceTree = "<group>"; };
		84F236EA1FFEA521008F5026 /* ROBarcodeScannerViewController.swift */ = {isa = PBXFileReference; fileEncoding = 4; lastKnownFileType = sourcecode.swift; path = ROBarcodeScannerViewController.swift; sourceTree = "<group>"; };
		84F236EC1FFEA529008F5026 /* ROBarcodeScanner.storyboard */ = {isa = PBXFileReference; lastKnownFileType = file.storyboard; path = ROBarcodeScanner.storyboard; sourceTree = "<group>"; };
		84F236ED1FFEACB3008F5026 /* ScannViewController.swift */ = {isa = PBXFileReference; lastKnownFileType = sourcecode.swift; path = ScannViewController.swift; sourceTree = "<group>"; };
		B5B3B924C7DAFF58AAF91664 /* Pods_walmartScan.framework */ = {isa = PBXFileReference; explicitFileType = wrapper.framework; includeInIndex = 0; path = Pods_walmartScan.framework; sourceTree = BUILT_PRODUCTS_DIR; };
		CDFDFA3E641CBC4437A76261 /* Pods-walmartScan.debug.xcconfig */ = {isa = PBXFileReference; includeInIndex = 1; lastKnownFileType = text.xcconfig; name = "Pods-walmartScan.debug.xcconfig"; path = "Pods/Target Support Files/Pods-walmartScan/Pods-walmartScan.debug.xcconfig"; sourceTree = "<group>"; };
		E5E008E21E1D7DAFA52A6CB8 /* Pods-walmartScan.release.xcconfig */ = {isa = PBXFileReference; includeInIndex = 1; lastKnownFileType = text.xcconfig; name = "Pods-walmartScan.release.xcconfig"; path = "Pods/Target Support Files/Pods-walmartScan/Pods-walmartScan.release.xcconfig"; sourceTree = "<group>"; };
/* End PBXFileReference section */

/* Begin PBXFrameworksBuildPhase section */
		844AE12B1FE401B700C6583B /* Frameworks */ = {
			isa = PBXFrameworksBuildPhase;
			buildActionMask = 2147483647;
			files = (
				1D9DEA244FA103E5801B728D /* Pods_walmartScan.framework in Frameworks */,
			);
			runOnlyForDeploymentPostprocessing = 0;
		};
		844AE13F1FE401B700C6583B /* Frameworks */ = {
			isa = PBXFrameworksBuildPhase;
			buildActionMask = 2147483647;
			files = (
			);
			runOnlyForDeploymentPostprocessing = 0;
		};
		844AE14A1FE401B700C6583B /* Frameworks */ = {
			isa = PBXFrameworksBuildPhase;
			buildActionMask = 2147483647;
			files = (
			);
			runOnlyForDeploymentPostprocessing = 0;
		};
/* End PBXFrameworksBuildPhase section */

/* Begin PBXGroup section */
		20FC5FF73D17327ABF6DAFE1 /* Pods */ = {
			isa = PBXGroup;
			children = (
				CDFDFA3E641CBC4437A76261 /* Pods-walmartScan.debug.xcconfig */,
				E5E008E21E1D7DAFA52A6CB8 /* Pods-walmartScan.release.xcconfig */,
			);
			name = Pods;
			sourceTree = "<group>";
		};
		73CC0C50D8300690B2142576 /* Frameworks */ = {
			isa = PBXGroup;
			children = (
				B5B3B924C7DAFF58AAF91664 /* Pods_walmartScan.framework */,
			);
			name = Frameworks;
			sourceTree = "<group>";
		};
		8423445C1FF3EF790003658E /* views */ = {
			isa = PBXGroup;
			children = (
				84F236EC1FFEA529008F5026 /* ROBarcodeScanner.storyboard */,
				84F236EA1FFEA521008F5026 /* ROBarcodeScannerViewController.swift */,
			);
			path = views;
			sourceTree = "<group>";
		};
		8423445D1FF3EFC60003658E /* Controllers */ = {
			isa = PBXGroup;
			children = (
				844836061FF54EC300AB9677 /* MenuViewController.swift */,
				8478FA821FE4563900C7F012 /* HomeViewController.swift */,
				8478FA861FE456A600C7F012 /* LoginRutViewController.swift */,
				842FF8AA1FE41E67003973ED /* LoginViewController.swift */,
				8478FA841FE4566000C7F012 /* TerminosCondicionesView.swift */,
				8423445E1FF3F0520003658E /* DemoContenido.swift */,
				844836081FF54F4D00AB9677 /* MenuCell.swift */,
				844836101FF5559000AB9677 /* MessageViewController.swift */,
				844836121FF5632800AB9677 /* HomeController.swift */,
				844836141FF5651500AB9677 /* PreguntasViewController.swift */,
				84F236ED1FFEACB3008F5026 /* ScannViewController.swift */,
			);
			path = Controllers;
			sourceTree = "<group>";
		};
		842FF8A61FE40B54003973ED /* Demo */ = {
			isa = PBXGroup;
			children = (
				842FF8A71FE40B86003973ED /* Demo1.jpg */,
			);
			path = Demo;
			sourceTree = "<group>";
		};
		844AE1251FE401B700C6583B = {
			isa = PBXGroup;
			children = (
				844AE1301FE401B700C6583B /* walmartScan */,
				844AE1451FE401B700C6583B /* walmartScanTests */,
				844AE1501FE401B700C6583B /* walmartScanUITests */,
				844AE12F1FE401B700C6583B /* Products */,
				20FC5FF73D17327ABF6DAFE1 /* Pods */,
				73CC0C50D8300690B2142576 /* Frameworks */,
			);
			sourceTree = "<group>";
		};
		844AE12F1FE401B700C6583B /* Products */ = {
			isa = PBXGroup;
			children = (
				844AE12E1FE401B700C6583B /* walmartScan.app */,
				844AE1421FE401B700C6583B /* walmartScanTests.xctest */,
				844AE14D1FE401B700C6583B /* walmartScanUITests.xctest */,
			);
			name = Products;
			sourceTree = "<group>";
		};
		844AE1301FE401B700C6583B /* walmartScan */ = {
			isa = PBXGroup;
			children = (
				844836041FF54A0500AB9677 /* SWRevealViewController.h */,
				844836031FF54A0400AB9677 /* SWRevealViewController.m */,
				8423445D1FF3EFC60003658E /* Controllers */,
				8423445C1FF3EF790003658E /* views */,
				844AE1601FE4048900C6583B /* Assets */,
				844AE1311FE401B700C6583B /* AppDelegate.swift */,
				844AE1331FE401B700C6583B /* ViewController.swift */,
				842FF8A81FE41AB0003973ED /* DemoViewController.swift */,
				844AE1351FE401B700C6583B /* Main.storyboard */,
				844AE1381FE401B700C6583B /* Assets.xcassets */,
				844AE13A1FE401B700C6583B /* LaunchScreen.storyboard */,
				844AE13D1FE401B700C6583B /* Info.plist */,
				842344601FF415110003658E /* Constants.swift */,
				842344621FF4174A0003658E /* Localizable.strings */,
				844836021FF54A0300AB9677 /* walmartScan-Bridging-Header.h */,
			);
			path = walmartScan;
			sourceTree = "<group>";
		};
		844AE1451FE401B700C6583B /* walmartScanTests */ = {
			isa = PBXGroup;
			children = (
				844AE1461FE401B700C6583B /* walmartScanTests.swift */,
				844AE1481FE401B700C6583B /* Info.plist */,
			);
			path = walmartScanTests;
			sourceTree = "<group>";
		};
		844AE1501FE401B700C6583B /* walmartScanUITests */ = {
			isa = PBXGroup;
			children = (
				844AE1511FE401B700C6583B /* walmartScanUITests.swift */,
				844AE1531FE401B700C6583B /* Info.plist */,
			);
			path = walmartScanUITests;
			sourceTree = "<group>";
		};
		844AE1601FE4048900C6583B /* Assets */ = {
			isa = PBXGroup;
			children = (
				842FF8A61FE40B54003973ED /* Demo */,
				844AE1621FE404ED00C6583B /* SplashWalmart.png */,
			);
			path = Assets;
			sourceTree = "<group>";
		};
/* End PBXGroup section */

/* Begin PBXNativeTarget section */
		844AE12D1FE401B700C6583B /* walmartScan */ = {
			isa = PBXNativeTarget;
			buildConfigurationList = 844AE1561FE401B700C6583B /* Build configuration list for PBXNativeTarget "walmartScan" */;
			buildPhases = (
				AE69E12916154AC6DAA46F97 /* [CP] Check Pods Manifest.lock */,
				844AE12A1FE401B700C6583B /* Sources */,
				844AE12B1FE401B700C6583B /* Frameworks */,
				844AE12C1FE401B700C6583B /* Resources */,
				7D57F086510267CA25CF43AD /* [CP] Embed Pods Frameworks */,
				735A155197D538BCD9027729 /* [CP] Copy Pods Resources */,
			);
			buildRules = (
			);
			dependencies = (
			);
			name = walmartScan;
			productName = walmartScan;
			productReference = 844AE12E1FE401B700C6583B /* walmartScan.app */;
			productType = "com.apple.product-type.application";
		};
		844AE1411FE401B700C6583B /* walmartScanTests */ = {
			isa = PBXNativeTarget;
			buildConfigurationList = 844AE1591FE401B700C6583B /* Build configuration list for PBXNativeTarget "walmartScanTests" */;
			buildPhases = (
				844AE13E1FE401B700C6583B /* Sources */,
				844AE13F1FE401B700C6583B /* Frameworks */,
				844AE1401FE401B700C6583B /* Resources */,
			);
			buildRules = (
			);
			dependencies = (
				844AE1441FE401B700C6583B /* PBXTargetDependency */,
			);
			name = walmartScanTests;
			productName = walmartScanTests;
			productReference = 844AE1421FE401B700C6583B /* walmartScanTests.xctest */;
			productType = "com.apple.product-type.bundle.unit-test";
		};
		844AE14C1FE401B700C6583B /* walmartScanUITests */ = {
			isa = PBXNativeTarget;
			buildConfigurationList = 844AE15C1FE401B700C6583B /* Build configuration list for PBXNativeTarget "walmartScanUITests" */;
			buildPhases = (
				844AE1491FE401B700C6583B /* Sources */,
				844AE14A1FE401B700C6583B /* Frameworks */,
				844AE14B1FE401B700C6583B /* Resources */,
			);
			buildRules = (
			);
			dependencies = (
				844AE14F1FE401B700C6583B /* PBXTargetDependency */,
			);
			name = walmartScanUITests;
			productName = walmartScanUITests;
			productReference = 844AE14D1FE401B700C6583B /* walmartScanUITests.xctest */;
			productType = "com.apple.product-type.bundle.ui-testing";
		};
/* End PBXNativeTarget section */

/* Begin PBXProject section */
		844AE1261FE401B700C6583B /* Project object */ = {
			isa = PBXProject;
			attributes = {
				LastSwiftUpdateCheck = 0900;
				LastUpgradeCheck = 0900;
				ORGANIZATIONNAME = admin;
				TargetAttributes = {
					844AE12D1FE401B700C6583B = {
						CreatedOnToolsVersion = 9.0;
						LastSwiftMigration = 0920;
						ProvisioningStyle = Automatic;
					};
					844AE1411FE401B700C6583B = {
						CreatedOnToolsVersion = 9.0;
						ProvisioningStyle = Automatic;
						TestTargetID = 844AE12D1FE401B700C6583B;
					};
					844AE14C1FE401B700C6583B = {
						CreatedOnToolsVersion = 9.0;
						ProvisioningStyle = Automatic;
						TestTargetID = 844AE12D1FE401B700C6583B;
					};
				};
			};
			buildConfigurationList = 844AE1291FE401B700C6583B /* Build configuration list for PBXProject "walmartScan" */;
			compatibilityVersion = "Xcode 8.0";
			developmentRegion = en;
			hasScannedForEncodings = 0;
			knownRegions = (
				en,
				Base,
			);
			mainGroup = 844AE1251FE401B700C6583B;
			productRefGroup = 844AE12F1FE401B700C6583B /* Products */;
			projectDirPath = "";
			projectRoot = "";
			targets = (
				844AE12D1FE401B700C6583B /* walmartScan */,
				844AE1411FE401B700C6583B /* walmartScanTests */,
				844AE14C1FE401B700C6583B /* walmartScanUITests */,
			);
		};
/* End PBXProject section */

/* Begin PBXResourcesBuildPhase section */
		844AE12C1FE401B700C6583B /* Resources */ = {
			isa = PBXResourcesBuildPhase;
			buildActionMask = 2147483647;
			files = (
				844AE13C1FE401B700C6583B /* LaunchScreen.storyboard in Resources */,
				842344631FF4174A0003658E /* Localizable.strings in Resources */,
				844AE1391FE401B700C6583B /* Assets.xcassets in Resources */,
				844AE1371FE401B700C6583B /* Main.storyboard in Resources */,
			);
			runOnlyForDeploymentPostprocessing = 0;
		};
		844AE1401FE401B700C6583B /* Resources */ = {
			isa = PBXResourcesBuildPhase;
			buildActionMask = 2147483647;
			files = (
			);
			runOnlyForDeploymentPostprocessing = 0;
		};
		844AE14B1FE401B700C6583B /* Resources */ = {
			isa = PBXResourcesBuildPhase;
			buildActionMask = 2147483647;
			files = (
			);
			runOnlyForDeploymentPostprocessing = 0;
		};
/* End PBXResourcesBuildPhase section */

/* Begin PBXShellScriptBuildPhase section */
		735A155197D538BCD9027729 /* [CP] Copy Pods Resources */ = {
			isa = PBXShellScriptBuildPhase;
			buildActionMask = 2147483647;
			files = (
			);
			inputPaths = (
			);
			name = "[CP] Copy Pods Resources";
			outputPaths = (
			);
			runOnlyForDeploymentPostprocessing = 0;
			shellPath = /bin/sh;
			shellScript = "\"${SRCROOT}/Pods/Target Support Files/Pods-walmartScan/Pods-walmartScan-resources.sh\"\n";
			showEnvVarsInLog = 0;
		};
		7D57F086510267CA25CF43AD /* [CP] Embed Pods Frameworks */ = {
			isa = PBXShellScriptBuildPhase;
			buildActionMask = 2147483647;
			files = (
			);
			inputPaths = (
				"${SRCROOT}/Pods/Target Support Files/Pods-walmartScan/Pods-walmartScan-frameworks.sh",
				"${BUILT_PRODUCTS_DIR}/BarcodeScanner/BarcodeScanner.framework",
				"${BUILT_PRODUCTS_DIR}/SwiftyJSON/SwiftyJSON.framework",
			);
			name = "[CP] Embed Pods Frameworks";
			outputPaths = (
				"${TARGET_BUILD_DIR}/${FRAMEWORKS_FOLDER_PATH}/BarcodeScanner.framework",
				"${TARGET_BUILD_DIR}/${FRAMEWORKS_FOLDER_PATH}/SwiftyJSON.framework",
			);
			runOnlyForDeploymentPostprocessing = 0;
			shellPath = /bin/sh;
			shellScript = "\"${SRCROOT}/Pods/Target Support Files/Pods-walmartScan/Pods-walmartScan-frameworks.sh\"\n";
			showEnvVarsInLog = 0;
		};
		AE69E12916154AC6DAA46F97 /* [CP] Check Pods Manifest.lock */ = {
			isa = PBXShellScriptBuildPhase;
			buildActionMask = 2147483647;
			files = (
			);
			inputPaths = (
				"${PODS_PODFILE_DIR_PATH}/Podfile.lock",
				"${PODS_ROOT}/Manifest.lock",
			);
			name = "[CP] Check Pods Manifest.lock";
			outputPaths = (
				"$(DERIVED_FILE_DIR)/Pods-walmartScan-checkManifestLockResult.txt",
			);
			runOnlyForDeploymentPostprocessing = 0;
			shellPath = /bin/sh;
			shellScript = "diff \"${PODS_PODFILE_DIR_PATH}/Podfile.lock\" \"${PODS_ROOT}/Manifest.lock\" > /dev/null\nif [ $? != 0 ] ; then\n    # print error to STDERR\n    echo \"error: The sandbox is not in sync with the Podfile.lock. Run 'pod install' or update your CocoaPods installation.\" >&2\n    exit 1\nfi\n# This output is used by Xcode 'outputs' to avoid re-running this script phase.\necho \"SUCCESS\" > \"${SCRIPT_OUTPUT_FILE_0}\"\n";
			showEnvVarsInLog = 0;
		};
/* End PBXShellScriptBuildPhase section */

/* Begin PBXSourcesBuildPhase section */
		844AE12A1FE401B700C6583B /* Sources */ = {
			isa = PBXSourcesBuildPhase;
			buildActionMask = 2147483647;
			files = (
				844836151FF5651500AB9677 /* PreguntasViewController.swift in Sources */,
				844836131FF5632900AB9677 /* HomeController.swift in Sources */,
				8478FA831FE4563900C7F012 /* HomeViewController.swift in Sources */,
				842FF8AB1FE41E67003973ED /* LoginViewController.swift in Sources */,
				844836091FF54F4D00AB9677 /* MenuCell.swift in Sources */,
				842FF8A91FE41AB0003973ED /* DemoViewController.swift in Sources */,
				8478FA871FE456A600C7F012 /* LoginRutViewController.swift in Sources */,
				844AE1341FE401B700C6583B /* ViewController.swift in Sources */,
				844836111FF5559000AB9677 /* MessageViewController.swift in Sources */,
				84F236EB1FFEA521008F5026 /* ROBarcodeScannerViewController.swift in Sources */,
				844836071FF54EC300AB9677 /* MenuViewController.swift in Sources */,
				8478FA851FE4566000C7F012 /* TerminosCondicionesView.swift in Sources */,
				8423445F1FF3F0520003658E /* DemoContenido.swift in Sources */,
				844836051FF54A0500AB9677 /* SWRevealViewController.m in Sources */,
				844AE1321FE401B700C6583B /* AppDelegate.swift in Sources */,
				842344611FF415110003658E /* Constants.swift in Sources */,
				84F236EE1FFEACB3008F5026 /* ScannViewController.swift in Sources */,
			);
			runOnlyForDeploymentPostprocessing = 0;
		};
		844AE13E1FE401B700C6583B /* Sources */ = {
			isa = PBXSourcesBuildPhase;
			buildActionMask = 2147483647;
			files = (
				844AE1471FE401B700C6583B /* walmartScanTests.swift in Sources */,
			);
			runOnlyForDeploymentPostprocessing = 0;
		};
		844AE1491FE401B700C6583B /* Sources */ = {
			isa = PBXSourcesBuildPhase;
			buildActionMask = 2147483647;
			files = (
				844AE1521FE401B700C6583B /* walmartScanUITests.swift in Sources */,
			);
			runOnlyForDeploymentPostprocessing = 0;
		};
/* End PBXSourcesBuildPhase section */

/* Begin PBXTargetDependency section */
		844AE1441FE401B700C6583B /* PBXTargetDependency */ = {
			isa = PBXTargetDependency;
			target = 844AE12D1FE401B700C6583B /* walmartScan */;
			targetProxy = 844AE1431FE401B700C6583B /* PBXContainerItemProxy */;
		};
		844AE14F1FE401B700C6583B /* PBXTargetDependency */ = {
			isa = PBXTargetDependency;
			target = 844AE12D1FE401B700C6583B /* walmartScan */;
			targetProxy = 844AE14E1FE401B700C6583B /* PBXContainerItemProxy */;
		};
/* End PBXTargetDependency section */

/* Begin PBXVariantGroup section */
		844AE1351FE401B700C6583B /* Main.storyboard */ = {
			isa = PBXVariantGroup;
			children = (
				844AE1361FE401B700C6583B /* Base */,
			);
			name = Main.storyboard;
			sourceTree = "<group>";
		};
		844AE13A1FE401B700C6583B /* LaunchScreen.storyboard */ = {
			isa = PBXVariantGroup;
			children = (
				844AE13B1FE401B700C6583B /* Base */,
			);
			name = LaunchScreen.storyboard;
			sourceTree = "<group>";
		};
/* End PBXVariantGroup section */

/* Begin XCBuildConfiguration section */
		844AE1541FE401B700C6583B /* Debug */ = {
			isa = XCBuildConfiguration;
			buildSettings = {
				ALWAYS_SEARCH_USER_PATHS = NO;
				CLANG_ANALYZER_NONNULL = YES;
				CLANG_ANALYZER_NUMBER_OBJECT_CONVERSION = YES_AGGRESSIVE;
				CLANG_CXX_LANGUAGE_STANDARD = "gnu++14";
				CLANG_CXX_LIBRARY = "libc++";
				CLANG_ENABLE_MODULES = YES;
				CLANG_ENABLE_OBJC_ARC = YES;
				CLANG_WARN_BLOCK_CAPTURE_AUTORELEASING = YES;
				CLANG_WARN_BOOL_CONVERSION = YES;
				CLANG_WARN_COMMA = YES;
				CLANG_WARN_CONSTANT_CONVERSION = YES;
				CLANG_WARN_DIRECT_OBJC_ISA_USAGE = YES_ERROR;
				CLANG_WARN_DOCUMENTATION_COMMENTS = YES;
				CLANG_WARN_EMPTY_BODY = YES;
				CLANG_WARN_ENUM_CONVERSION = YES;
				CLANG_WARN_INFINITE_RECURSION = YES;
				CLANG_WARN_INT_CONVERSION = YES;
				CLANG_WARN_NON_LITERAL_NULL_CONVERSION = YES;
				CLANG_WARN_OBJC_LITERAL_CONVERSION = YES;
				CLANG_WARN_OBJC_ROOT_CLASS = YES_ERROR;
				CLANG_WARN_RANGE_LOOP_ANALYSIS = YES;
				CLANG_WARN_STRICT_PROTOTYPES = YES;
				CLANG_WARN_SUSPICIOUS_MOVE = YES;
				CLANG_WARN_UNGUARDED_AVAILABILITY = YES_AGGRESSIVE;
				CLANG_WARN_UNREACHABLE_CODE = YES;
				CLANG_WARN__DUPLICATE_METHOD_MATCH = YES;
				CODE_SIGN_IDENTITY = "iPhone Developer";
				COPY_PHASE_STRIP = NO;
				DEBUG_INFORMATION_FORMAT = dwarf;
				ENABLE_STRICT_OBJC_MSGSEND = YES;
				ENABLE_TESTABILITY = YES;
				GCC_C_LANGUAGE_STANDARD = gnu11;
				GCC_DYNAMIC_NO_PIC = NO;
				GCC_NO_COMMON_BLOCKS = YES;
				GCC_OPTIMIZATION_LEVEL = 0;
				GCC_PREPROCESSOR_DEFINITIONS = (
					"DEBUG=1",
					"$(inherited)",
				);
				GCC_WARN_64_TO_32_BIT_CONVERSION = YES;
				GCC_WARN_ABOUT_RETURN_TYPE = YES_ERROR;
				GCC_WARN_UNDECLARED_SELECTOR = YES;
				GCC_WARN_UNINITIALIZED_AUTOS = YES_AGGRESSIVE;
				GCC_WARN_UNUSED_FUNCTION = YES;
				GCC_WARN_UNUSED_VARIABLE = YES;
				IPHONEOS_DEPLOYMENT_TARGET = 11.0;
				MTL_ENABLE_DEBUG_INFO = YES;
				ONLY_ACTIVE_ARCH = YES;
				SDKROOT = iphoneos;
				SWIFT_ACTIVE_COMPILATION_CONDITIONS = DEBUG;
				SWIFT_OPTIMIZATION_LEVEL = "-Onone";
			};
			name = Debug;
		};
		844AE1551FE401B700C6583B /* Release */ = {
			isa = XCBuildConfiguration;
			buildSettings = {
				ALWAYS_SEARCH_USER_PATHS = NO;
				CLANG_ANALYZER_NONNULL = YES;
				CLANG_ANALYZER_NUMBER_OBJECT_CONVERSION = YES_AGGRESSIVE;
				CLANG_CXX_LANGUAGE_STANDARD = "gnu++14";
				CLANG_CXX_LIBRARY = "libc++";
				CLANG_ENABLE_MODULES = YES;
				CLANG_ENABLE_OBJC_ARC = YES;
				CLANG_WARN_BLOCK_CAPTURE_AUTORELEASING = YES;
				CLANG_WARN_BOOL_CONVERSION = YES;
				CLANG_WARN_COMMA = YES;
				CLANG_WARN_CONSTANT_CONVERSION = YES;
				CLANG_WARN_DIRECT_OBJC_ISA_USAGE = YES_ERROR;
				CLANG_WARN_DOCUMENTATION_COMMENTS = YES;
				CLANG_WARN_EMPTY_BODY = YES;
				CLANG_WARN_ENUM_CONVERSION = YES;
				CLANG_WARN_INFINITE_RECURSION = YES;
				CLANG_WARN_INT_CONVERSION = YES;
				CLANG_WARN_NON_LITERAL_NULL_CONVERSION = YES;
				CLANG_WARN_OBJC_LITERAL_CONVERSION = YES;
				CLANG_WARN_OBJC_ROOT_CLASS = YES_ERROR;
				CLANG_WARN_RANGE_LOOP_ANALYSIS = YES;
				CLANG_WARN_STRICT_PROTOTYPES = YES;
				CLANG_WARN_SUSPICIOUS_MOVE = YES;
				CLANG_WARN_UNGUARDED_AVAILABILITY = YES_AGGRESSIVE;
				CLANG_WARN_UNREACHABLE_CODE = YES;
				CLANG_WARN__DUPLICATE_METHOD_MATCH = YES;
				CODE_SIGN_IDENTITY = "iPhone Developer";
				COPY_PHASE_STRIP = NO;
				DEBUG_INFORMATION_FORMAT = "dwarf-with-dsym";
				ENABLE_NS_ASSERTIONS = NO;
				ENABLE_STRICT_OBJC_MSGSEND = YES;
				GCC_C_LANGUAGE_STANDARD = gnu11;
				GCC_NO_COMMON_BLOCKS = YES;
				GCC_WARN_64_TO_32_BIT_CONVERSION = YES;
				GCC_WARN_ABOUT_RETURN_TYPE = YES_ERROR;
				GCC_WARN_UNDECLARED_SELECTOR = YES;
				GCC_WARN_UNINITIALIZED_AUTOS = YES_AGGRESSIVE;
				GCC_WARN_UNUSED_FUNCTION = YES;
				GCC_WARN_UNUSED_VARIABLE = YES;
				IPHONEOS_DEPLOYMENT_TARGET = 11.0;
				MTL_ENABLE_DEBUG_INFO = NO;
				SDKROOT = iphoneos;
				SWIFT_OPTIMIZATION_LEVEL = "-Owholemodule";
				VALIDATE_PRODUCT = YES;
			};
			name = Release;
		};
		844AE1571FE401B700C6583B /* Debug */ = {
			isa = XCBuildConfiguration;
			baseConfigurationReference = CDFDFA3E641CBC4437A76261 /* Pods-walmartScan.debug.xcconfig */;
			buildSettings = {
				ASSETCATALOG_COMPILER_APPICON_NAME = AppIcon;
				CLANG_ENABLE_MODULES = YES;
				CODE_SIGN_STYLE = Automatic;
				DEVELOPMENT_TEAM = RG8RN37MDB;
				INFOPLIST_FILE = walmartScan/Info.plist;
				IPHONEOS_DEPLOYMENT_TARGET = 10.0;
				LD_RUNPATH_SEARCH_PATHS = "$(inherited) @executable_path/Frameworks";
				PRODUCT_BUNDLE_IDENTIFIER = cl.walmartchile.scan;
				PRODUCT_NAME = "$(TARGET_NAME)";
				SWIFT_OBJC_BRIDGING_HEADER = "walmartScan/walmartScan-Bridging-Header.h";
				SWIFT_OPTIMIZATION_LEVEL = "-Onone";
				SWIFT_VERSION = 4.0;
				TARGETED_DEVICE_FAMILY = "1,2";
			};
			name = Debug;
		};
		844AE1581FE401B700C6583B /* Release */ = {
			isa = XCBuildConfiguration;
			baseConfigurationReference = E5E008E21E1D7DAFA52A6CB8 /* Pods-walmartScan.release.xcconfig */;
			buildSettings = {
				ASSETCATALOG_COMPILER_APPICON_NAME = AppIcon;
				CLANG_ENABLE_MODULES = YES;
				CODE_SIGN_STYLE = Automatic;
				DEVELOPMENT_TEAM = RG8RN37MDB;
				INFOPLIST_FILE = walmartScan/Info.plist;
				IPHONEOS_DEPLOYMENT_TARGET = 10.0;
				LD_RUNPATH_SEARCH_PATHS = "$(inherited) @executable_path/Frameworks";
				PRODUCT_BUNDLE_IDENTIFIER = cl.walmartchile.scan;
				PRODUCT_NAME = "$(TARGET_NAME)";
				SWIFT_OBJC_BRIDGING_HEADER = "walmartScan/walmartScan-Bridging-Header.h";
				SWIFT_VERSION = 4.0;
				TARGETED_DEVICE_FAMILY = "1,2";
			};
			name = Release;
		};
		844AE15A1FE401B700C6583B /* Debug */ = {
			isa = XCBuildConfiguration;
			buildSettings = {
				ALWAYS_EMBED_SWIFT_STANDARD_LIBRARIES = YES;
				BUNDLE_LOADER = "$(TEST_HOST)";
				CODE_SIGN_STYLE = Automatic;
				INFOPLIST_FILE = walmartScanTests/Info.plist;
				LD_RUNPATH_SEARCH_PATHS = "$(inherited) @executable_path/Frameworks @loader_path/Frameworks";
				PRODUCT_BUNDLE_IDENTIFIER = com.bild.walmartScanTests;
				PRODUCT_NAME = "$(TARGET_NAME)";
				SWIFT_VERSION = 4.0;
				TARGETED_DEVICE_FAMILY = "1,2";
				TEST_HOST = "$(BUILT_PRODUCTS_DIR)/walmartScan.app/walmartScan";
			};
			name = Debug;
		};
		844AE15B1FE401B700C6583B /* Release */ = {
			isa = XCBuildConfiguration;
			buildSettings = {
				ALWAYS_EMBED_SWIFT_STANDARD_LIBRARIES = YES;
				BUNDLE_LOADER = "$(TEST_HOST)";
				CODE_SIGN_STYLE = Automatic;
				INFOPLIST_FILE = walmartScanTests/Info.plist;
				LD_RUNPATH_SEARCH_PATHS = "$(inherited) @executable_path/Frameworks @loader_path/Frameworks";
				PRODUCT_BUNDLE_IDENTIFIER = com.bild.walmartScanTests;
				PRODUCT_NAME = "$(TARGET_NAME)";
				SWIFT_VERSION = 4.0;
				TARGETED_DEVICE_FAMILY = "1,2";
				TEST_HOST = "$(BUILT_PRODUCTS_DIR)/walmartScan.app/walmartScan";
			};
			name = Release;
		};
		844AE15D1FE401B700C6583B /* Debug */ = {
			isa = XCBuildConfiguration;
			buildSettings = {
				ALWAYS_EMBED_SWIFT_STANDARD_LIBRARIES = YES;
				CODE_SIGN_STYLE = Automatic;
				INFOPLIST_FILE = walmartScanUITests/Info.plist;
				LD_RUNPATH_SEARCH_PATHS = "$(inherited) @executable_path/Frameworks @loader_path/Frameworks";
				PRODUCT_BUNDLE_IDENTIFIER = com.bild.walmartScanUITests;
				PRODUCT_NAME = "$(TARGET_NAME)";
				SWIFT_VERSION = 4.0;
				TARGETED_DEVICE_FAMILY = "1,2";
				TEST_TARGET_NAME = walmartScan;
			};
			name = Debug;
		};
		844AE15E1FE401B700C6583B /* Release */ = {
			isa = XCBuildConfiguration;
			buildSettings = {
				ALWAYS_EMBED_SWIFT_STANDARD_LIBRARIES = YES;
				CODE_SIGN_STYLE = Automatic;
				INFOPLIST_FILE = walmartScanUITests/Info.plist;
				LD_RUNPATH_SEARCH_PATHS = "$(inherited) @executable_path/Frameworks @loader_path/Frameworks";
				PRODUCT_BUNDLE_IDENTIFIER = com.bild.walmartScanUITests;
				PRODUCT_NAME = "$(TARGET_NAME)";
				SWIFT_VERSION = 4.0;
				TARGETED_DEVICE_FAMILY = "1,2";
				TEST_TARGET_NAME = walmartScan;
			};
			name = Release;
		};
/* End XCBuildConfiguration section */

/* Begin XCConfigurationList section */
		844AE1291FE401B700C6583B /* Build configuration list for PBXProject "walmartScan" */ = {
			isa = XCConfigurationList;
			buildConfigurations = (
				844AE1541FE401B700C6583B /* Debug */,
				844AE1551FE401B700C6583B /* Release */,
			);
			defaultConfigurationIsVisible = 0;
			defaultConfigurationName = Release;
		};
		844AE1561FE401B700C6583B /* Build configuration list for PBXNativeTarget "walmartScan" */ = {
			isa = XCConfigurationList;
			buildConfigurations = (
				844AE1571FE401B700C6583B /* Debug */,
				844AE1581FE401B700C6583B /* Release */,
			);
			defaultConfigurationIsVisible = 0;
			defaultConfigurationName = Release;
		};
		844AE1591FE401B700C6583B /* Build configuration list for PBXNativeTarget "walmartScanTests" */ = {
			isa = XCConfigurationList;
			buildConfigurations = (
				844AE15A1FE401B700C6583B /* Debug */,
				844AE15B1FE401B700C6583B /* Release */,
			);
			defaultConfigurationIsVisible = 0;
			defaultConfigurationName = Release;
		};
		844AE15C1FE401B700C6583B /* Build configuration list for PBXNativeTarget "walmartScanUITests" */ = {
			isa = XCConfigurationList;
			buildConfigurations = (
				844AE15D1FE401B700C6583B /* Debug */,
				844AE15E1FE401B700C6583B /* Release */,
			);
			defaultConfigurationIsVisible = 0;
			defaultConfigurationName = Release;
		};
/* End XCConfigurationList section */
	};
	rootObject = 844AE1261FE401B700C6583B /* Project object */;
}
